PODS:
  - Addition (1.5.0):
    - Addition/NSArray (= 1.5.0)
    - Addition/NSData (= 1.5.0)
    - Addition/NSDate (= 1.5.0)
    - Addition/NSDictionary (= 1.5.0)
    - Addition/NSMutableDictionary (= 1.5.0)
    - Addition/NSObject (= 1.5.0)
    - Addition/NSString (= 1.5.0)
    - Addition/UIColor (= 1.5.0)
    - Addition/UIFont (= 1.5.0)
    - Addition/UIImage (= 1.5.0)
    - Addition/UIScrollView (= 1.5.0)
    - Addition/UIView (= 1.5.0)
  - Addition/NSArray (1.5.0)
  - Addition/NSData (1.5.0)
  - Addition/NSDate (1.5.0)
  - Addition/NSDictionary (1.5.0)
  - Addition/NSMutableDictionary (1.5.0)
  - Addition/NSObject (1.5.0):
    - Addition/NSString
  - Addition/NSString (1.5.0):
    - Addition/NSData
  - Addition/UIColor (1.5.0)
  - Addition/UIFont (1.5.0)
  - Addition/UIImage (1.5.0)
  - Addition/UIScrollView (1.5.0)
  - Addition/UIView (1.5.0)

DEPENDENCIES:
  - Addition (from `../`)

EXTERNAL SOURCES:
  Addition:
    :path: "../"

SPEC CHECKSUMS:
  Addition: ea6586b1f80a93fbfd0abd28dc8fe466d2122512

PODFILE CHECKSUM: 3d4a4bf39263254bc00a2068bb6a7efe9974ae15

COCOAPODS: 1.11.2
