PODS:
  - Addition (1.4.1):
    - Addition/NSArray (= 1.4.1)
    - Addition/NSData (= 1.4.1)
    - Addition/NSDate (= 1.4.1)
    - Addition/NSDictionary (= 1.4.1)
    - Addition/NSMutableDictionary (= 1.4.1)
    - Addition/NSObject (= 1.4.1)
    - Addition/NSString (= 1.4.1)
    - Addition/UIColor (= 1.4.1)
    - Addition/UIFont (= 1.4.1)
    - Addition/UIImage (= 1.4.1)
    - Addition/UIScrollView (= 1.4.1)
    - Addition/UIView (= 1.4.1)
  - Addition/NSArray (1.4.1)
  - Addition/NSData (1.4.1)
  - Addition/NSDate (1.4.1)
  - Addition/NSDictionary (1.4.1)
  - Addition/NSMutableDictionary (1.4.1)
  - Addition/NSObject (1.4.1):
    - Addition/NSString
  - Addition/NSString (1.4.1):
    - Addition/NSData
  - Addition/UIColor (1.4.1)
  - Addition/UIFont (1.4.1)
  - Addition/UIImage (1.4.1)
  - Addition/UIScrollView (1.4.1)
  - Addition/UIView (1.4.1)

DEPENDENCIES:
  - Addition (from `../`)

EXTERNAL SOURCES:
  Addition:
    :path: "../"

SPEC CHECKSUMS:
  Addition: b2beaac44a7ac1855869f32c46a3ceac8e94b66f

PODFILE CHECKSUM: 3d4a4bf39263254bc00a2068bb6a7efe9974ae15

COCOAPODS: 1.10.1
