// !$*UTF8*$!
{
	archiveVersion = 1;
	classes = {
	};
	objectVersion = 46;
	objects = {

/* Begin PBXBuildFile section */
		1B0D97A41B62283D00C3D7C2 /* 3.jpg in Resources */ = {isa = PBXBuildFile; fileRef = 1B0D97A31B62283D00C3D7C2 /* 3.jpg */; };
		1B1DA9CC1AFB41CF00D0715F /* main.m in Sources */ = {isa = PBXBuildFile; fileRef = 1B1DA9CB1AFB41CF00D0715F /* main.m */; };
		1B1DA9CF1AFB41CF00D0715F /* AppDelegate.m in Sources */ = {isa = PBXBuildFile; fileRef = 1B1DA9CE1AFB41CF00D0715F /* AppDelegate.m */; };
		1B1DA9D21AFB41CF00D0715F /* ViewController.m in Sources */ = {isa = PBXBuildFile; fileRef = 1B1DA9D11AFB41CF00D0715F /* ViewController.m */; };
		1B1DA9D51AFB41CF00D0715F /* Main.storyboard in Resources */ = {isa = PBXBuildFile; fileRef = 1B1DA9D31AFB41CF00D0715F /* Main.storyboard */; };
		1B1DA9D71AFB41CF00D0715F /* Images.xcassets in Resources */ = {isa = PBXBuildFile; fileRef = 1B1DA9D61AFB41CF00D0715F /* Images.xcassets */; };
		1B1DA9DA1AFB41CF00D0715F /* LaunchScreen.xib in Resources */ = {isa = PBXBuildFile; fileRef = 1B1DA9D81AFB41CF00D0715F /* LaunchScreen.xib */; };
		1B1DA9E61AFB41CF00D0715F /* MyAdditionTests.m in Sources */ = {isa = PBXBuildFile; fileRef = 1B1DA9E51AFB41CF00D0715F /* MyAdditionTests.m */; };
		1B9BD47A1B579E3C00D4E2F4 /* 1.jpg in Resources */ = {isa = PBXBuildFile; fileRef = 1B9BD4791B579E3C00D4E2F4 /* 1.jpg */; };
		1B9BD47C1B57AC5B00D4E2F4 /* 2.jpg in Resources */ = {isa = PBXBuildFile; fileRef = 1B9BD47B1B57AC5B00D4E2F4 /* 2.jpg */; };
		1BB64ED11BFDD22600221633 /* NSData+Addition.m in Sources */ = {isa = PBXBuildFile; fileRef = 1BB64EC61BFDD22600221633 /* NSData+Addition.m */; };
		1BB64ED21BFDD22600221633 /* NSDictionary+Addition.m in Sources */ = {isa = PBXBuildFile; fileRef = 1BB64EC81BFDD22600221633 /* NSDictionary+Addition.m */; };
		1BB64ED31BFDD22600221633 /* NSObject+Addition.m in Sources */ = {isa = PBXBuildFile; fileRef = 1BB64ECA1BFDD22600221633 /* NSObject+Addition.m */; };
		1BB64ED41BFDD22600221633 /* NSString+Addition.m in Sources */ = {isa = PBXBuildFile; fileRef = 1BB64ECC1BFDD22600221633 /* NSString+Addition.m */; };
		1BB64ED51BFDD22600221633 /* UIColor+Addition.m in Sources */ = {isa = PBXBuildFile; fileRef = 1BB64ECE1BFDD22600221633 /* UIColor+Addition.m */; };
		1BB64ED61BFDD22600221633 /* UIImage+Addition.m in Sources */ = {isa = PBXBuildFile; fileRef = 1BB64ED01BFDD22600221633 /* UIImage+Addition.m */; };
/* End PBXBuildFile section */

/* Begin PBXContainerItemProxy section */
		1B1DA9E01AFB41CF00D0715F /* PBXContainerItemProxy */ = {
			isa = PBXContainerItemProxy;
			containerPortal = 1B1DA9BE1AFB41CE00D0715F /* Project object */;
			proxyType = 1;
			remoteGlobalIDString = 1B1DA9C51AFB41CF00D0715F;
			remoteInfo = MyAddition;
		};
/* End PBXContainerItemProxy section */

/* Begin PBXFileReference section */
		1B0D97A31B62283D00C3D7C2 /* 3.jpg */ = {isa = PBXFileReference; lastKnownFileType = image.jpeg; path = 3.jpg; sourceTree = "<group>"; };
		1B1DA9C61AFB41CF00D0715F /* MyAddition.app */ = {isa = PBXFileReference; explicitFileType = wrapper.application; includeInIndex = 0; path = MyAddition.app; sourceTree = BUILT_PRODUCTS_DIR; };
		1B1DA9CA1AFB41CF00D0715F /* Info.plist */ = {isa = PBXFileReference; lastKnownFileType = text.plist.xml; path = Info.plist; sourceTree = "<group>"; };
		1B1DA9CB1AFB41CF00D0715F /* main.m */ = {isa = PBXFileReference; lastKnownFileType = sourcecode.c.objc; path = main.m; sourceTree = "<group>"; };
		1B1DA9CD1AFB41CF00D0715F /* AppDelegate.h */ = {isa = PBXFileReference; lastKnownFileType = sourcecode.c.h; path = AppDelegate.h; sourceTree = "<group>"; };
		1B1DA9CE1AFB41CF00D0715F /* AppDelegate.m */ = {isa = PBXFileReference; lastKnownFileType = sourcecode.c.objc; path = AppDelegate.m; sourceTree = "<group>"; };
		1B1DA9D01AFB41CF00D0715F /* ViewController.h */ = {isa = PBXFileReference; lastKnownFileType = sourcecode.c.h; path = ViewController.h; sourceTree = "<group>"; };
		1B1DA9D11AFB41CF00D0715F /* ViewController.m */ = {isa = PBXFileReference; lastKnownFileType = sourcecode.c.objc; path = ViewController.m; sourceTree = "<group>"; };
		1B1DA9D41AFB41CF00D0715F /* Base */ = {isa = PBXFileReference; lastKnownFileType = file.storyboard; name = Base; path = Base.lproj/Main.storyboard; sourceTree = "<group>"; };
		1B1DA9D61AFB41CF00D0715F /* Images.xcassets */ = {isa = PBXFileReference; lastKnownFileType = folder.assetcatalog; path = Images.xcassets; sourceTree = "<group>"; };
		1B1DA9D91AFB41CF00D0715F /* Base */ = {isa = PBXFileReference; lastKnownFileType = file.xib; name = Base; path = Base.lproj/LaunchScreen.xib; sourceTree = "<group>"; };
		1B1DA9DF1AFB41CF00D0715F /* MyAdditionTests.xctest */ = {isa = PBXFileReference; explicitFileType = wrapper.cfbundle; includeInIndex = 0; path = MyAdditionTests.xctest; sourceTree = BUILT_PRODUCTS_DIR; };
		1B1DA9E41AFB41CF00D0715F /* Info.plist */ = {isa = PBXFileReference; lastKnownFileType = text.plist.xml; path = Info.plist; sourceTree = "<group>"; };
		1B1DA9E51AFB41CF00D0715F /* MyAdditionTests.m */ = {isa = PBXFileReference; lastKnownFileType = sourcecode.c.objc; path = MyAdditionTests.m; sourceTree = "<group>"; };
		1B9BD4791B579E3C00D4E2F4 /* 1.jpg */ = {isa = PBXFileReference; lastKnownFileType = image.jpeg; path = 1.jpg; sourceTree = "<group>"; };
		1B9BD47B1B57AC5B00D4E2F4 /* 2.jpg */ = {isa = PBXFileReference; lastKnownFileType = image.jpeg; path = 2.jpg; sourceTree = "<group>"; };
		1BB64EC41BFDD22600221633 /* AdditionFrameworks.h */ = {isa = PBXFileReference; fileEncoding = 4; lastKnownFileType = sourcecode.c.h; path = AdditionFrameworks.h; sourceTree = "<group>"; };
		1BB64EC51BFDD22600221633 /* NSData+Addition.h */ = {isa = PBXFileReference; fileEncoding = 4; lastKnownFileType = sourcecode.c.h; path = "NSData+Addition.h"; sourceTree = "<group>"; };
		1BB64EC61BFDD22600221633 /* NSData+Addition.m */ = {isa = PBXFileReference; fileEncoding = 4; lastKnownFileType = sourcecode.c.objc; path = "NSData+Addition.m"; sourceTree = "<group>"; };
		1BB64EC71BFDD22600221633 /* NSDictionary+Addition.h */ = {isa = PBXFileReference; fileEncoding = 4; lastKnownFileType = sourcecode.c.h; path = "NSDictionary+Addition.h"; sourceTree = "<group>"; };
		1BB64EC81BFDD22600221633 /* NSDictionary+Addition.m */ = {isa = PBXFileReference; fileEncoding = 4; lastKnownFileType = sourcecode.c.objc; path = "NSDictionary+Addition.m"; sourceTree = "<group>"; };
		1BB64EC91BFDD22600221633 /* NSObject+Addition.h */ = {isa = PBXFileReference; fileEncoding = 4; lastKnownFileType = sourcecode.c.h; path = "NSObject+Addition.h"; sourceTree = "<group>"; };
		1BB64ECA1BFDD22600221633 /* NSObject+Addition.m */ = {isa = PBXFileReference; fileEncoding = 4; lastKnownFileType = sourcecode.c.objc; path = "NSObject+Addition.m"; sourceTree = "<group>"; };
		1BB64ECB1BFDD22600221633 /* NSString+Addition.h */ = {isa = PBXFileReference; fileEncoding = 4; lastKnownFileType = sourcecode.c.h; path = "NSString+Addition.h"; sourceTree = "<group>"; };
		1BB64ECC1BFDD22600221633 /* NSString+Addition.m */ = {isa = PBXFileReference; fileEncoding = 4; lastKnownFileType = sourcecode.c.objc; path = "NSString+Addition.m"; sourceTree = "<group>"; };
		1BB64ECD1BFDD22600221633 /* UIColor+Addition.h */ = {isa = PBXFileReference; fileEncoding = 4; lastKnownFileType = sourcecode.c.h; path = "UIColor+Addition.h"; sourceTree = "<group>"; };
		1BB64ECE1BFDD22600221633 /* UIColor+Addition.m */ = {isa = PBXFileReference; fileEncoding = 4; lastKnownFileType = sourcecode.c.objc; path = "UIColor+Addition.m"; sourceTree = "<group>"; };
		1BB64ECF1BFDD22600221633 /* UIImage+Addition.h */ = {isa = PBXFileReference; fileEncoding = 4; lastKnownFileType = sourcecode.c.h; path = "UIImage+Addition.h"; sourceTree = "<group>"; };
		1BB64ED01BFDD22600221633 /* UIImage+Addition.m */ = {isa = PBXFileReference; fileEncoding = 4; lastKnownFileType = sourcecode.c.objc; path = "UIImage+Addition.m"; sourceTree = "<group>"; };
/* End PBXFileReference section */

/* Begin PBXFrameworksBuildPhase section */
		1B1DA9C31AFB41CF00D0715F /* Frameworks */ = {
			isa = PBXFrameworksBuildPhase;
			buildActionMask = 2147483647;
			files = (
			);
			runOnlyForDeploymentPostprocessing = 0;
		};
		1B1DA9DC1AFB41CF00D0715F /* Frameworks */ = {
			isa = PBXFrameworksBuildPhase;
			buildActionMask = 2147483647;
			files = (
			);
			runOnlyForDeploymentPostprocessing = 0;
		};
/* End PBXFrameworksBuildPhase section */

/* Begin PBXGroup section */
		1B1DA9BD1AFB41CE00D0715F = {
			isa = PBXGroup;
			children = (
				1BB64EC31BFDD22600221633 /* Addition */,
				1B0D97A31B62283D00C3D7C2 /* 3.jpg */,
				1B9BD47B1B57AC5B00D4E2F4 /* 2.jpg */,
				1B9BD4791B579E3C00D4E2F4 /* 1.jpg */,
				1B1DA9C81AFB41CF00D0715F /* MyAddition */,
				1B1DA9E21AFB41CF00D0715F /* MyAdditionTests */,
				1B1DA9C71AFB41CF00D0715F /* Products */,
			);
			sourceTree = "<group>";
		};
		1B1DA9C71AFB41CF00D0715F /* Products */ = {
			isa = PBXGroup;
			children = (
				1B1DA9C61AFB41CF00D0715F /* MyAddition.app */,
				1B1DA9DF1AFB41CF00D0715F /* MyAdditionTests.xctest */,
			);
			name = Products;
			sourceTree = "<group>";
		};
		1B1DA9C81AFB41CF00D0715F /* MyAddition */ = {
			isa = PBXGroup;
			children = (
				1B1DA9CD1AFB41CF00D0715F /* AppDelegate.h */,
				1B1DA9CE1AFB41CF00D0715F /* AppDelegate.m */,
				1B1DA9D01AFB41CF00D0715F /* ViewController.h */,
				1B1DA9D11AFB41CF00D0715F /* ViewController.m */,
				1B1DA9D31AFB41CF00D0715F /* Main.storyboard */,
				1B1DA9D61AFB41CF00D0715F /* Images.xcassets */,
				1B1DA9D81AFB41CF00D0715F /* LaunchScreen.xib */,
				1B1DA9C91AFB41CF00D0715F /* Supporting Files */,
			);
			path = MyAddition;
			sourceTree = "<group>";
		};
		1B1DA9C91AFB41CF00D0715F /* Supporting Files */ = {
			isa = PBXGroup;
			children = (
				1B1DA9CA1AFB41CF00D0715F /* Info.plist */,
				1B1DA9CB1AFB41CF00D0715F /* main.m */,
			);
			name = "Supporting Files";
			sourceTree = "<group>";
		};
		1B1DA9E21AFB41CF00D0715F /* MyAdditionTests */ = {
			isa = PBXGroup;
			children = (
				1B1DA9E51AFB41CF00D0715F /* MyAdditionTests.m */,
				1B1DA9E31AFB41CF00D0715F /* Supporting Files */,
			);
			path = MyAdditionTests;
			sourceTree = "<group>";
		};
		1B1DA9E31AFB41CF00D0715F /* Supporting Files */ = {
			isa = PBXGroup;
			children = (
				1B1DA9E41AFB41CF00D0715F /* Info.plist */,
			);
			name = "Supporting Files";
			sourceTree = "<group>";
		};
		1BB64EC31BFDD22600221633 /* Addition */ = {
			isa = PBXGroup;
			children = (
				1BB64EC41BFDD22600221633 /* AdditionFrameworks.h */,
				1BB64EC51BFDD22600221633 /* NSData+Addition.h */,
				1BB64EC61BFDD22600221633 /* NSData+Addition.m */,
				1BB64EC71BFDD22600221633 /* NSDictionary+Addition.h */,
				1BB64EC81BFDD22600221633 /* NSDictionary+Addition.m */,
				1BB64EC91BFDD22600221633 /* NSObject+Addition.h */,
				1BB64ECA1BFDD22600221633 /* NSObject+Addition.m */,
				1BB64ECB1BFDD22600221633 /* NSString+Addition.h */,
				1BB64ECC1BFDD22600221633 /* NSString+Addition.m */,
				1BB64ECD1BFDD22600221633 /* UIColor+Addition.h */,
				1BB64ECE1BFDD22600221633 /* UIColor+Addition.m */,
				1BB64ECF1BFDD22600221633 /* UIImage+Addition.h */,
				1BB64ED01BFDD22600221633 /* UIImage+Addition.m */,
			);
			name = Addition;
			path = ../Addition;
			sourceTree = "<group>";
		};
/* End PBXGroup section */

/* Begin PBXNativeTarget section */
		1B1DA9C51AFB41CF00D0715F /* MyAddition */ = {
			isa = PBXNativeTarget;
			buildConfigurationList = 1B1DA9E91AFB41CF00D0715F /* Build configuration list for PBXNativeTarget "MyAddition" */;
			buildPhases = (
				1B1DA9C21AFB41CF00D0715F /* Sources */,
				1B1DA9C31AFB41CF00D0715F /* Frameworks */,
				1B1DA9C41AFB41CF00D0715F /* Resources */,
			);
			buildRules = (
			);
			dependencies = (
			);
			name = MyAddition;
			productName = MyAddition;
			productReference = 1B1DA9C61AFB41CF00D0715F /* MyAddition.app */;
			productType = "com.apple.product-type.application";
		};
		1B1DA9DE1AFB41CF00D0715F /* MyAdditionTests */ = {
			isa = PBXNativeTarget;
			buildConfigurationList = 1B1DA9EC1AFB41CF00D0715F /* Build configuration list for PBXNativeTarget "MyAdditionTests" */;
			buildPhases = (
				1B1DA9DB1AFB41CF00D0715F /* Sources */,
				1B1DA9DC1AFB41CF00D0715F /* Frameworks */,
				1B1DA9DD1AFB41CF00D0715F /* Resources */,
			);
			buildRules = (
			);
			dependencies = (
				1B1DA9E11AFB41CF00D0715F /* PBXTargetDependency */,
			);
			name = MyAdditionTests;
			productName = MyAdditionTests;
			productReference = 1B1DA9DF1AFB41CF00D0715F /* MyAdditionTests.xctest */;
			productType = "com.apple.product-type.bundle.unit-test";
		};
/* End PBXNativeTarget section */

/* Begin PBXProject section */
		1B1DA9BE1AFB41CE00D0715F /* Project object */ = {
			isa = PBXProject;
			attributes = {
				LastUpgradeCheck = 0630;
				ORGANIZATIONNAME = JW;
				TargetAttributes = {
					1B1DA9C51AFB41CF00D0715F = {
						CreatedOnToolsVersion = 6.3;
					};
					1B1DA9DE1AFB41CF00D0715F = {
						CreatedOnToolsVersion = 6.3;
						TestTargetID = 1B1DA9C51AFB41CF00D0715F;
					};
				};
			};
			buildConfigurationList = 1B1DA9C11AFB41CE00D0715F /* Build configuration list for PBXProject "MyAddition" */;
			compatibilityVersion = "Xcode 3.2";
			developmentRegion = English;
			hasScannedForEncodings = 0;
			knownRegions = (
				en,
				Base,
			);
			mainGroup = 1B1DA9BD1AFB41CE00D0715F;
			productRefGroup = 1B1DA9C71AFB41CF00D0715F /* Products */;
			projectDirPath = "";
			projectRoot = "";
			targets = (
				1B1DA9C51AFB41CF00D0715F /* MyAddition */,
				1B1DA9DE1AFB41CF00D0715F /* MyAdditionTests */,
			);
		};
/* End PBXProject section */

/* Begin PBXResourcesBuildPhase section */
		1B1DA9C41AFB41CF00D0715F /* Resources */ = {
			isa = PBXResourcesBuildPhase;
			buildActionMask = 2147483647;
			files = (
				1B9BD47A1B579E3C00D4E2F4 /* 1.jpg in Resources */,
				1B1DA9D51AFB41CF00D0715F /* Main.storyboard in Resources */,
				1B1DA9DA1AFB41CF00D0715F /* LaunchScreen.xib in Resources */,
				1B0D97A41B62283D00C3D7C2 /* 3.jpg in Resources */,
				1B1DA9D71AFB41CF00D0715F /* Images.xcassets in Resources */,
				1B9BD47C1B57AC5B00D4E2F4 /* 2.jpg in Resources */,
			);
			runOnlyForDeploymentPostprocessing = 0;
		};
		1B1DA9DD1AFB41CF00D0715F /* Resources */ = {
			isa = PBXResourcesBuildPhase;
			buildActionMask = 2147483647;
			files = (
			);
			runOnlyForDeploymentPostprocessing = 0;
		};
/* End PBXResourcesBuildPhase section */

/* Begin PBXSourcesBuildPhase section */
		1B1DA9C21AFB41CF00D0715F /* Sources */ = {
			isa = PBXSourcesBuildPhase;
			buildActionMask = 2147483647;
			files = (
				1B1DA9D21AFB41CF00D0715F /* ViewController.m in Sources */,
				1BB64ED51BFDD22600221633 /* UIColor+Addition.m in Sources */,
				1BB64ED31BFDD22600221633 /* NSObject+Addition.m in Sources */,
				1BB64ED41BFDD22600221633 /* NSString+Addition.m in Sources */,
				1B1DA9CF1AFB41CF00D0715F /* AppDelegate.m in Sources */,
				1BB64ED11BFDD22600221633 /* NSData+Addition.m in Sources */,
				1B1DA9CC1AFB41CF00D0715F /* main.m in Sources */,
				1BB64ED21BFDD22600221633 /* NSDictionary+Addition.m in Sources */,
				1BB64ED61BFDD22600221633 /* UIImage+Addition.m in Sources */,
			);
			runOnlyForDeploymentPostprocessing = 0;
		};
		1B1DA9DB1AFB41CF00D0715F /* Sources */ = {
			isa = PBXSourcesBuildPhase;
			buildActionMask = 2147483647;
			files = (
				1B1DA9E61AFB41CF00D0715F /* MyAdditionTests.m in Sources */,
			);
			runOnlyForDeploymentPostprocessing = 0;
		};
/* End PBXSourcesBuildPhase section */

/* Begin PBXTargetDependency section */
		1B1DA9E11AFB41CF00D0715F /* PBXTargetDependency */ = {
			isa = PBXTargetDependency;
			target = 1B1DA9C51AFB41CF00D0715F /* MyAddition */;
			targetProxy = 1B1DA9E01AFB41CF00D0715F /* PBXContainerItemProxy */;
		};
/* End PBXTargetDependency section */

/* Begin PBXVariantGroup section */
		1B1DA9D31AFB41CF00D0715F /* Main.storyboard */ = {
			isa = PBXVariantGroup;
			children = (
				1B1DA9D41AFB41CF00D0715F /* Base */,
			);
			name = Main.storyboard;
			sourceTree = "<group>";
		};
		1B1DA9D81AFB41CF00D0715F /* LaunchScreen.xib */ = {
			isa = PBXVariantGroup;
			children = (
				1B1DA9D91AFB41CF00D0715F /* Base */,
			);
			name = LaunchScreen.xib;
			sourceTree = "<group>";
		};
/* End PBXVariantGroup section */

/* Begin XCBuildConfiguration section */
		1B1DA9E71AFB41CF00D0715F /* Debug */ = {
			isa = XCBuildConfiguration;
			buildSettings = {
				ALWAYS_SEARCH_USER_PATHS = NO;
				CLANG_CXX_LANGUAGE_STANDARD = "gnu++0x";
				CLANG_CXX_LIBRARY = "libc++";
				CLANG_ENABLE_MODULES = YES;
				CLANG_ENABLE_OBJC_ARC = YES;
				CLANG_WARN_BOOL_CONVERSION = YES;
				CLANG_WARN_CONSTANT_CONVERSION = YES;
				CLANG_WARN_DIRECT_OBJC_ISA_USAGE = YES_ERROR;
				CLANG_WARN_EMPTY_BODY = YES;
				CLANG_WARN_ENUM_CONVERSION = YES;
				CLANG_WARN_INT_CONVERSION = YES;
				CLANG_WARN_OBJC_ROOT_CLASS = YES_ERROR;
				CLANG_WARN_UNREACHABLE_CODE = YES;
				CLANG_WARN__DUPLICATE_METHOD_MATCH = YES;
				"CODE_SIGN_IDENTITY[sdk=iphoneos*]" = "iPhone Developer";
				COPY_PHASE_STRIP = NO;
				DEBUG_INFORMATION_FORMAT = "dwarf-with-dsym";
				ENABLE_STRICT_OBJC_MSGSEND = YES;
				GCC_C_LANGUAGE_STANDARD = gnu99;
				GCC_DYNAMIC_NO_PIC = NO;
				GCC_NO_COMMON_BLOCKS = YES;
				GCC_OPTIMIZATION_LEVEL = 0;
				GCC_PREPROCESSOR_DEFINITIONS = (
					"DEBUG=1",
					"$(inherited)",
				);
				GCC_SYMBOLS_PRIVATE_EXTERN = NO;
				GCC_WARN_64_TO_32_BIT_CONVERSION = YES;
				GCC_WARN_ABOUT_RETURN_TYPE = YES_ERROR;
				GCC_WARN_UNDECLARED_SELECTOR = YES;
				GCC_WARN_UNINITIALIZED_AUTOS = YES_AGGRESSIVE;
				GCC_WARN_UNUSED_FUNCTION = YES;
				GCC_WARN_UNUSED_VARIABLE = YES;
				IPHONEOS_DEPLOYMENT_TARGET = 8.3;
				MTL_ENABLE_DEBUG_INFO = YES;
				ONLY_ACTIVE_ARCH = YES;
				SDKROOT = iphoneos;
			};
			name = Debug;
		};
		1B1DA9E81AFB41CF00D0715F /* Release */ = {
			isa = XCBuildConfiguration;
			buildSettings = {
				ALWAYS_SEARCH_USER_PATHS = NO;
				CLANG_CXX_LANGUAGE_STANDARD = "gnu++0x";
				CLANG_CXX_LIBRARY = "libc++";
				CLANG_ENABLE_MODULES = YES;
				CLANG_ENABLE_OBJC_ARC = YES;
				CLANG_WARN_BOOL_CONVERSION = YES;
				CLANG_WARN_CONSTANT_CONVERSION = YES;
				CLANG_WARN_DIRECT_OBJC_ISA_USAGE = YES_ERROR;
				CLANG_WARN_EMPTY_BODY = YES;
				CLANG_WARN_ENUM_CONVERSION = YES;
				CLANG_WARN_INT_CONVERSION = YES;
				CLANG_WARN_OBJC_ROOT_CLASS = YES_ERROR;
				CLANG_WARN_UNREACHABLE_CODE = YES;
				CLANG_WARN__DUPLICATE_METHOD_MATCH = YES;
				"CODE_SIGN_IDENTITY[sdk=iphoneos*]" = "iPhone Developer";
				COPY_PHASE_STRIP = NO;
				DEBUG_INFORMATION_FORMAT = "dwarf-with-dsym";
				ENABLE_NS_ASSERTIONS = NO;
				ENABLE_STRICT_OBJC_MSGSEND = YES;
				GCC_C_LANGUAGE_STANDARD = gnu99;
				GCC_NO_COMMON_BLOCKS = YES;
				GCC_WARN_64_TO_32_BIT_CONVERSION = YES;
				GCC_WARN_ABOUT_RETURN_TYPE = YES_ERROR;
				GCC_WARN_UNDECLARED_SELECTOR = YES;
				GCC_WARN_UNINITIALIZED_AUTOS = YES_AGGRESSIVE;
				GCC_WARN_UNUSED_FUNCTION = YES;
				GCC_WARN_UNUSED_VARIABLE = YES;
				IPHONEOS_DEPLOYMENT_TARGET = 8.3;
				MTL_ENABLE_DEBUG_INFO = NO;
				SDKROOT = iphoneos;
				VALIDATE_PRODUCT = YES;
			};
			name = Release;
		};
		1B1DA9EA1AFB41CF00D0715F /* Debug */ = {
			isa = XCBuildConfiguration;
			buildSettings = {
				ASSETCATALOG_COMPILER_APPICON_NAME = AppIcon;
				INFOPLIST_FILE = MyAddition/Info.plist;
				LD_RUNPATH_SEARCH_PATHS = "$(inherited) @executable_path/Frameworks";
				PRODUCT_NAME = "$(TARGET_NAME)";
			};
			name = Debug;
		};
		1B1DA9EB1AFB41CF00D0715F /* Release */ = {
			isa = XCBuildConfiguration;
			buildSettings = {
				ASSETCATALOG_COMPILER_APPICON_NAME = AppIcon;
				INFOPLIST_FILE = MyAddition/Info.plist;
				LD_RUNPATH_SEARCH_PATHS = "$(inherited) @executable_path/Frameworks";
				PRODUCT_NAME = "$(TARGET_NAME)";
			};
			name = Release;
		};
		1B1DA9ED1AFB41CF00D0715F /* Debug */ = {
			isa = XCBuildConfiguration;
			buildSettings = {
				BUNDLE_LOADER = "$(TEST_HOST)";
				FRAMEWORK_SEARCH_PATHS = (
					"$(SDKROOT)/Developer/Library/Frameworks",
					"$(inherited)",
				);
				GCC_PREPROCESSOR_DEFINITIONS = (
					"DEBUG=1",
					"$(inherited)",
				);
				INFOPLIST_FILE = MyAdditionTests/Info.plist;
				LD_RUNPATH_SEARCH_PATHS = "$(inherited) @executable_path/Frameworks @loader_path/Frameworks";
				PRODUCT_NAME = "$(TARGET_NAME)";
				TEST_HOST = "$(BUILT_PRODUCTS_DIR)/MyAddition.app/MyAddition";
			};
			name = Debug;
		};
		1B1DA9EE1AFB41CF00D0715F /* Release */ = {
			isa = XCBuildConfiguration;
			buildSettings = {
				BUNDLE_LOADER = "$(TEST_HOST)";
				FRAMEWORK_SEARCH_PATHS = (
					"$(SDKROOT)/Developer/Library/Frameworks",
					"$(inherited)",
				);
				INFOPLIST_FILE = MyAdditionTests/Info.plist;
				LD_RUNPATH_SEARCH_PATHS = "$(inherited) @executable_path/Frameworks @loader_path/Frameworks";
				PRODUCT_NAME = "$(TARGET_NAME)";
				TEST_HOST = "$(BUILT_PRODUCTS_DIR)/MyAddition.app/MyAddition";
			};
			name = Release;
		};
/* End XCBuildConfiguration section */

/* Begin XCConfigurationList section */
		1B1DA9C11AFB41CE00D0715F /* Build configuration list for PBXProject "MyAddition" */ = {
			isa = XCConfigurationList;
			buildConfigurations = (
				1B1DA9E71AFB41CF00D0715F /* Debug */,
				1B1DA9E81AFB41CF00D0715F /* Release */,
			);
			defaultConfigurationIsVisible = 0;
			defaultConfigurationName = Release;
		};
		1B1DA9E91AFB41CF00D0715F /* Build configuration list for PBXNativeTarget "MyAddition" */ = {
			isa = XCConfigurationList;
			buildConfigurations = (
				1B1DA9EA1AFB41CF00D0715F /* Debug */,
				1B1DA9EB1AFB41CF00D0715F /* Release */,
			);
			defaultConfigurationIsVisible = 0;
			defaultConfigurationName = Release;
		};
		1B1DA9EC1AFB41CF00D0715F /* Build configuration list for PBXNativeTarget "MyAdditionTests" */ = {
			isa = XCConfigurationList;
			buildConfigurations = (
				1B1DA9ED1AFB41CF00D0715F /* Debug */,
				1B1DA9EE1AFB41CF00D0715F /* Release */,
			);
			defaultConfigurationIsVisible = 0;
			defaultConfigurationName = Release;
		};
/* End XCConfigurationList section */
	};
	rootObject = 1B1DA9BE1AFB41CE00D0715F /* Project object */;
}
